
Microsoft Visual Studio Solution File, Format Version 12.00
# Visual Studio 15
VisualStudioVersion = 15.0.26403.7
MinimumVisualStudioVersion = 10.0.40219.1
Project("{9A19103F-16F7-4668-BE54-9A1E7A4F7556}") = "Cloudburry", "Cloudburry\Cloudburry.csproj", "{E0F4DBD1-23D6-4A79-B5C0-F565CF51C8F9}"
EndProject
Project("{9A19103F-16F7-4668-BE54-9A1E7A4F7556}") = "Gwenzig", "Gwenzig\Gwenzig.csproj", "{8D65A493-144C-4ACA-93F6-3F3B45A18CB1}"
EndProject
Project("{FAE04EC0-301F-11D3-BF4B-00C04F79EFBC}") = "CloudburryNet", "CloudburryNet\CloudburryNet.csproj", "{25F5A3EF-B08E-43AA-A80C-FCDCFDD0F858}"
EndProject
Global
	GlobalSection(SolutionConfigurationPlatforms) = preSolution
		Debug|Any CPU = Debug|Any CPU
		Release|Any CPU = Release|Any CPU
	EndGlobalSection
	GlobalSection(ProjectConfigurationPlatforms) = postSolution
		{E0F4DBD1-23D6-4A79-B5C0-F565CF51C8F9}.Debug|Any CPU.ActiveCfg = Debug|Any CPU
		{E0F4DBD1-23D6-4A79-B5C0-F565CF51C8F9}.Debug|Any CPU.Build.0 = Debug|Any CPU
		{E0F4DBD1-23D6-4A79-B5C0-F565CF51C8F9}.Release|Any CPU.ActiveCfg = Release|Any CPU
		{E0F4DBD1-23D6-4A79-B5C0-F565CF51C8F9}.Release|Any CPU.Build.0 = Release|Any CPU
		{8D65A493-144C-4ACA-93F6-3F3B45A18CB1}.Debug|Any CPU.ActiveCfg = Debug|Any CPU
		{8D65A493-144C-4ACA-93F6-3F3B45A18CB1}.Debug|Any CPU.Build.0 = Debug|Any CPU
		{8D65A493-144C-4ACA-93F6-3F3B45A18CB1}.Release|Any CPU.ActiveCfg = Release|Any CPU
		{8D65A493-144C-4ACA-93F6-3F3B45A18CB1}.Release|Any CPU.Build.0 = Release|Any CPU
		{25F5A3EF-B08E-43AA-A80C-FCDCFDD0F858}.Debug|Any CPU.ActiveCfg = Debug|Any CPU
		{25F5A3EF-B08E-43AA-A80C-FCDCFDD0F858}.Debug|Any CPU.Build.0 = Debug|Any CPU
		{25F5A3EF-B08E-43AA-A80C-FCDCFDD0F858}.Release|Any CPU.ActiveCfg = Release|Any CPU
		{25F5A3EF-B08E-43AA-A80C-FCDCFDD0F858}.Release|Any CPU.Build.0 = Release|Any CPU
	EndGlobalSection
	GlobalSection(SolutionProperties) = preSolution
		HideSolutionNode = FALSE
	EndGlobalSection
EndGlobal
